
Microsoft Visual Studio Solution File, Format Version 12.00
# Visual Studio Version 17
VisualStudioVersion = 17.0.32126.317
MinimumVisualStudioVersion = 10.0.40219.1
Project("{FAE04EC0-301F-11D3-BF4B-00C04F79EFBC}") = "Tugas 1", "Tugas 1\Tugas 1.csproj", "{0281F9DE-8F3B-4F19-87D1-46CCEFBA6C0D}"
EndProject
Global
	GlobalSection(SolutionConfigurationPlatforms) = preSolution
		Debug|Any CPU = Debug|Any CPU
		Release|Any CPU = Release|Any CPU
	EndGlobalSection
	GlobalSection(ProjectConfigurationPlatforms) = postSolution
		{0281F9DE-8F3B-4F19-87D1-46CCEFBA6C0D}.Debug|Any CPU.ActiveCfg = Debug|Any CPU
		{0281F9DE-8F3B-4F19-87D1-46CCEFBA6C0D}.Debug|Any CPU.Build.0 = Debug|Any CPU
		{0281F9DE-8F3B-4F19-87D1-46CCEFBA6C0D}.Release|Any CPU.ActiveCfg = Release|Any CPU
		{0281F9DE-8F3B-4F19-87D1-46CCEFBA6C0D}.Release|Any CPU.Build.0 = Release|Any CPU
	EndGlobalSection
	GlobalSection(SolutionProperties) = preSolution
		HideSolutionNode = FALSE
	EndGlobalSection
	GlobalSection(ExtensibilityGlobals) = postSolution
		SolutionGuid = {BFED8E65-15DE-4DE3-BDB5-43EB12CF8DBB}
	EndGlobalSection
EndGlobal
